
Microsoft Visual Studio Solution File, Format Version 12.00
# Visual Studio 15
VisualStudioVersion = 15.0.26124.0
MinimumVisualStudioVersion = 15.0.26124.0
Project("{FAE04EC0-301F-11D3-BF4B-00C04F79EFBC}") = "Producer", "Producer\Producer.csproj", "{FD06670B-A99F-4224-A04F-7D3247FF7F4B}"
EndProject
Project("{FAE04EC0-301F-11D3-BF4B-00C04F79EFBC}") = "Consumer", "Consumer\Consumer.csproj", "{77BD4DF6-E8FD-4DA8-B59A-A3FE363CE11F}"
EndProject
Global
	GlobalSection(SolutionConfigurationPlatforms) = preSolution
		Debug|Any CPU = Debug|Any CPU
		Debug|x64 = Debug|x64
		Debug|x86 = Debug|x86
		Release|Any CPU = Release|Any CPU
		Release|x64 = Release|x64
		Release|x86 = Release|x86
	EndGlobalSection
	GlobalSection(SolutionProperties) = preSolution
		HideSolutionNode = FALSE
	EndGlobalSection
	GlobalSection(ProjectConfigurationPlatforms) = postSolution
		{FD06670B-A99F-4224-A04F-7D3247FF7F4B}.Debug|Any CPU.ActiveCfg = Debug|Any CPU
		{FD06670B-A99F-4224-A04F-7D3247FF7F4B}.Debug|Any CPU.Build.0 = Debug|Any CPU
		{FD06670B-A99F-4224-A04F-7D3247FF7F4B}.Debug|x64.ActiveCfg = Debug|Any CPU
		{FD06670B-A99F-4224-A04F-7D3247FF7F4B}.Debug|x64.Build.0 = Debug|Any CPU
		{FD06670B-A99F-4224-A04F-7D3247FF7F4B}.Debug|x86.ActiveCfg = Debug|Any CPU
		{FD06670B-A99F-4224-A04F-7D3247FF7F4B}.Debug|x86.Build.0 = Debug|Any CPU
		{FD06670B-A99F-4224-A04F-7D3247FF7F4B}.Release|Any CPU.ActiveCfg = Release|Any CPU
		{FD06670B-A99F-4224-A04F-7D3247FF7F4B}.Release|Any CPU.Build.0 = Release|Any CPU
		{FD06670B-A99F-4224-A04F-7D3247FF7F4B}.Release|x64.ActiveCfg = Release|Any CPU
		{FD06670B-A99F-4224-A04F-7D3247FF7F4B}.Release|x64.Build.0 = Release|Any CPU
		{FD06670B-A99F-4224-A04F-7D3247FF7F4B}.Release|x86.ActiveCfg = Release|Any CPU
		{FD06670B-A99F-4224-A04F-7D3247FF7F4B}.Release|x86.Build.0 = Release|Any CPU
		{77BD4DF6-E8FD-4DA8-B59A-A3FE363CE11F}.Debug|Any CPU.ActiveCfg = Debug|Any CPU
		{77BD4DF6-E8FD-4DA8-B59A-A3FE363CE11F}.Debug|Any CPU.Build.0 = Debug|Any CPU
		{77BD4DF6-E8FD-4DA8-B59A-A3FE363CE11F}.Debug|x64.ActiveCfg = Debug|Any CPU
		{77BD4DF6-E8FD-4DA8-B59A-A3FE363CE11F}.Debug|x64.Build.0 = Debug|Any CPU
		{77BD4DF6-E8FD-4DA8-B59A-A3FE363CE11F}.Debug|x86.ActiveCfg = Debug|Any CPU
		{77BD4DF6-E8FD-4DA8-B59A-A3FE363CE11F}.Debug|x86.Build.0 = Debug|Any CPU
		{77BD4DF6-E8FD-4DA8-B59A-A3FE363CE11F}.Release|Any CPU.ActiveCfg = Release|Any CPU
		{77BD4DF6-E8FD-4DA8-B59A-A3FE363CE11F}.Release|Any CPU.Build.0 = Release|Any CPU
		{77BD4DF6-E8FD-4DA8-B59A-A3FE363CE11F}.Release|x64.ActiveCfg = Release|Any CPU
		{77BD4DF6-E8FD-4DA8-B59A-A3FE363CE11F}.Release|x64.Build.0 = Release|Any CPU
		{77BD4DF6-E8FD-4DA8-B59A-A3FE363CE11F}.Release|x86.ActiveCfg = Release|Any CPU
		{77BD4DF6-E8FD-4DA8-B59A-A3FE363CE11F}.Release|x86.Build.0 = Release|Any CPU
	EndGlobalSection
EndGlobal
